
Microsoft Visual Studio Solution File, Format Version 12.00
# Visual Studio Version 16
VisualStudioVersion = 16.0.30907.101
MinimumVisualStudioVersion = 10.0.40219.1
Project("{00D1A9C2-B5F0-4AF3-8072-F6C62B433612}") = "FoodStuffDATA", "FoodStuffDATA\FoodStuffDATA.sqlproj", "{90E85F8C-C5E6-4E6E-B606-5714BED9F0F3}"
EndProject
Project("{9A19103F-16F7-4668-BE54-9A1E7A4F7556}") = "FoodStuff-API.Library", "FoodStuff-API.Library\FoodStuff-API.Library.csproj", "{F3FB7D8B-F5B6-4F45-82AF-70B7322EB6B1}"
EndProject
Project("{9A19103F-16F7-4668-BE54-9A1E7A4F7556}") = "FoodStuffDesktop", "FoodStuffDesktop\FoodStuffDesktop.csproj", "{A6F68399-8A86-48C6-A68B-094E89095060}"
EndProject
Project("{FAE04EC0-301F-11D3-BF4B-00C04F79EFBC}") = "FoodStuffMobile.Android", "FoodStuffMobile\FoodStuffMobile.Android\FoodStuffMobile.Android.csproj", "{98C54D8E-1633-49E8-9F8C-6BB18BD1096B}"
EndProject
Project("{FAE04EC0-301F-11D3-BF4B-00C04F79EFBC}") = "FoodStuffMobile.iOS", "FoodStuffMobile\FoodStuffMobile.iOS\FoodStuffMobile.iOS.csproj", "{79C6DB88-A9E8-4A14-AC0F-BFDB596395AC}"
EndProject
Project("{9A19103F-16F7-4668-BE54-9A1E7A4F7556}") = "FoodStuffMobile", "FoodStuffMobile\FoodStuffMobile\FoodStuffMobile.csproj", "{41931D2D-76CB-4221-B3B4-736D6DDAFD7A}"
EndProject
Project("{9A19103F-16F7-4668-BE54-9A1E7A4F7556}") = "FoodStuffDesktop.Library", "FoodStuffDesktop.Library\FoodStuffDesktop.Library.csproj", "{C426FB75-1AB4-49A4-94E1-A5B0E9041FA5}"
EndProject
Project("{2150E333-8FDC-42A3-9474-1A3956D46DE8}") = "WPF", "WPF", "{8A5214D5-A60A-4956-A0CB-245CB701CBA8}"
EndProject
Project("{2150E333-8FDC-42A3-9474-1A3956D46DE8}") = "API", "API", "{ED65465D-169C-4DE5-8F96-FAA7F5BF0F67}"
EndProject
Project("{2150E333-8FDC-42A3-9474-1A3956D46DE8}") = "Database", "Database", "{36903BE1-A431-4D52-98E6-16D165DB481D}"
EndProject
Project("{2150E333-8FDC-42A3-9474-1A3956D46DE8}") = "Xamarin", "Xamarin", "{0726DC58-78A2-470B-B7D4-7C2CDA8242FF}"
EndProject
Project("{9A19103F-16F7-4668-BE54-9A1E7A4F7556}") = "FoodStuffAPI", "FoodStuffAPI\FoodStuffAPI.csproj", "{18518B54-FE3D-4413-BF77-E10E83D47914}"
EndProject
Project("{2150E333-8FDC-42A3-9474-1A3956D46DE8}") = "WebApps", "WebApps", "{F1B0D683-0DEC-4F0D-84E0-A1F1B5E8B2E4}"
EndProject
Project("{FAE04EC0-301F-11D3-BF4B-00C04F79EFBC}") = "Portal", "Portal\Portal.csproj", "{DFAB1729-640C-4B2C-B657-DD7824E7D3EF}"
EndProject
Global
	GlobalSection(SolutionConfigurationPlatforms) = preSolution
		Debug|Any CPU = Debug|Any CPU
		Debug|iPhone = Debug|iPhone
		Debug|iPhoneSimulator = Debug|iPhoneSimulator
		Release|Any CPU = Release|Any CPU
		Release|iPhone = Release|iPhone
		Release|iPhoneSimulator = Release|iPhoneSimulator
	EndGlobalSection
	GlobalSection(ProjectConfigurationPlatforms) = postSolution
		{90E85F8C-C5E6-4E6E-B606-5714BED9F0F3}.Debug|Any CPU.ActiveCfg = Debug|Any CPU
		{90E85F8C-C5E6-4E6E-B606-5714BED9F0F3}.Debug|Any CPU.Build.0 = Debug|Any CPU
		{90E85F8C-C5E6-4E6E-B606-5714BED9F0F3}.Debug|Any CPU.Deploy.0 = Debug|Any CPU
		{90E85F8C-C5E6-4E6E-B606-5714BED9F0F3}.Debug|iPhone.ActiveCfg = Debug|Any CPU
		{90E85F8C-C5E6-4E6E-B606-5714BED9F0F3}.Debug|iPhone.Build.0 = Debug|Any CPU
		{90E85F8C-C5E6-4E6E-B606-5714BED9F0F3}.Debug|iPhone.Deploy.0 = Debug|Any CPU
		{90E85F8C-C5E6-4E6E-B606-5714BED9F0F3}.Debug|iPhoneSimulator.ActiveCfg = Debug|Any CPU
		{90E85F8C-C5E6-4E6E-B606-5714BED9F0F3}.Debug|iPhoneSimulator.Build.0 = Debug|Any CPU
		{90E85F8C-C5E6-4E6E-B606-5714BED9F0F3}.Debug|iPhoneSimulator.Deploy.0 = Debug|Any CPU
		{90E85F8C-C5E6-4E6E-B606-5714BED9F0F3}.Release|Any CPU.ActiveCfg = Release|Any CPU
		{90E85F8C-C5E6-4E6E-B606-5714BED9F0F3}.Release|Any CPU.Build.0 = Release|Any CPU
		{90E85F8C-C5E6-4E6E-B606-5714BED9F0F3}.Release|Any CPU.Deploy.0 = Release|Any CPU
		{90E85F8C-C5E6-4E6E-B606-5714BED9F0F3}.Release|iPhone.ActiveCfg = Release|Any CPU
		{90E85F8C-C5E6-4E6E-B606-5714BED9F0F3}.Release|iPhone.Build.0 = Release|Any CPU
		{90E85F8C-C5E6-4E6E-B606-5714BED9F0F3}.Release|iPhone.Deploy.0 = Release|Any CPU
		{90E85F8C-C5E6-4E6E-B606-5714BED9F0F3}.Release|iPhoneSimulator.ActiveCfg = Release|Any CPU
		{90E85F8C-C5E6-4E6E-B606-5714BED9F0F3}.Release|iPhoneSimulator.Build.0 = Release|Any CPU
		{90E85F8C-C5E6-4E6E-B606-5714BED9F0F3}.Release|iPhoneSimulator.Deploy.0 = Release|Any CPU
		{F3FB7D8B-F5B6-4F45-82AF-70B7322EB6B1}.Debug|Any CPU.ActiveCfg = Debug|Any CPU
		{F3FB7D8B-F5B6-4F45-82AF-70B7322EB6B1}.Debug|Any CPU.Build.0 = Debug|Any CPU
		{F3FB7D8B-F5B6-4F45-82AF-70B7322EB6B1}.Debug|iPhone.ActiveCfg = Debug|Any CPU
		{F3FB7D8B-F5B6-4F45-82AF-70B7322EB6B1}.Debug|iPhone.Build.0 = Debug|Any CPU
		{F3FB7D8B-F5B6-4F45-82AF-70B7322EB6B1}.Debug|iPhoneSimulator.ActiveCfg = Debug|Any CPU
		{F3FB7D8B-F5B6-4F45-82AF-70B7322EB6B1}.Debug|iPhoneSimulator.Build.0 = Debug|Any CPU
		{F3FB7D8B-F5B6-4F45-82AF-70B7322EB6B1}.Release|Any CPU.ActiveCfg = Release|Any CPU
		{F3FB7D8B-F5B6-4F45-82AF-70B7322EB6B1}.Release|Any CPU.Build.0 = Release|Any CPU
		{F3FB7D8B-F5B6-4F45-82AF-70B7322EB6B1}.Release|iPhone.ActiveCfg = Release|Any CPU
		{F3FB7D8B-F5B6-4F45-82AF-70B7322EB6B1}.Release|iPhone.Build.0 = Release|Any CPU
		{F3FB7D8B-F5B6-4F45-82AF-70B7322EB6B1}.Release|iPhoneSimulator.ActiveCfg = Release|Any CPU
		{F3FB7D8B-F5B6-4F45-82AF-70B7322EB6B1}.Release|iPhoneSimulator.Build.0 = Release|Any CPU
		{A6F68399-8A86-48C6-A68B-094E89095060}.Debug|Any CPU.ActiveCfg = Debug|Any CPU
		{A6F68399-8A86-48C6-A68B-094E89095060}.Debug|Any CPU.Build.0 = Debug|Any CPU
		{A6F68399-8A86-48C6-A68B-094E89095060}.Debug|iPhone.ActiveCfg = Debug|Any CPU
		{A6F68399-8A86-48C6-A68B-094E89095060}.Debug|iPhone.Build.0 = Debug|Any CPU
		{A6F68399-8A86-48C6-A68B-094E89095060}.Debug|iPhoneSimulator.ActiveCfg = Debug|Any CPU
		{A6F68399-8A86-48C6-A68B-094E89095060}.Debug|iPhoneSimulator.Build.0 = Debug|Any CPU
		{A6F68399-8A86-48C6-A68B-094E89095060}.Release|Any CPU.ActiveCfg = Release|Any CPU
		{A6F68399-8A86-48C6-A68B-094E89095060}.Release|Any CPU.Build.0 = Release|Any CPU
		{A6F68399-8A86-48C6-A68B-094E89095060}.Release|iPhone.ActiveCfg = Release|Any CPU
		{A6F68399-8A86-48C6-A68B-094E89095060}.Release|iPhone.Build.0 = Release|Any CPU
		{A6F68399-8A86-48C6-A68B-094E89095060}.Release|iPhoneSimulator.ActiveCfg = Release|Any CPU
		{A6F68399-8A86-48C6-A68B-094E89095060}.Release|iPhoneSimulator.Build.0 = Release|Any CPU
		{98C54D8E-1633-49E8-9F8C-6BB18BD1096B}.Debug|Any CPU.ActiveCfg = Debug|Any CPU
		{98C54D8E-1633-49E8-9F8C-6BB18BD1096B}.Debug|Any CPU.Build.0 = Debug|Any CPU
		{98C54D8E-1633-49E8-9F8C-6BB18BD1096B}.Debug|Any CPU.Deploy.0 = Debug|Any CPU
		{98C54D8E-1633-49E8-9F8C-6BB18BD1096B}.Debug|iPhone.ActiveCfg = Debug|Any CPU
		{98C54D8E-1633-49E8-9F8C-6BB18BD1096B}.Debug|iPhone.Build.0 = Debug|Any CPU
		{98C54D8E-1633-49E8-9F8C-6BB18BD1096B}.Debug|iPhone.Deploy.0 = Debug|Any CPU
		{98C54D8E-1633-49E8-9F8C-6BB18BD1096B}.Debug|iPhoneSimulator.ActiveCfg = Debug|Any CPU
		{98C54D8E-1633-49E8-9F8C-6BB18BD1096B}.Debug|iPhoneSimulator.Build.0 = Debug|Any CPU
		{98C54D8E-1633-49E8-9F8C-6BB18BD1096B}.Debug|iPhoneSimulator.Deploy.0 = Debug|Any CPU
		{98C54D8E-1633-49E8-9F8C-6BB18BD1096B}.Release|Any CPU.ActiveCfg = Release|Any CPU
		{98C54D8E-1633-49E8-9F8C-6BB18BD1096B}.Release|Any CPU.Build.0 = Release|Any CPU
		{98C54D8E-1633-49E8-9F8C-6BB18BD1096B}.Release|Any CPU.Deploy.0 = Release|Any CPU
		{98C54D8E-1633-49E8-9F8C-6BB18BD1096B}.Release|iPhone.ActiveCfg = Release|Any CPU
		{98C54D8E-1633-49E8-9F8C-6BB18BD1096B}.Release|iPhone.Build.0 = Release|Any CPU
		{98C54D8E-1633-49E8-9F8C-6BB18BD1096B}.Release|iPhone.Deploy.0 = Release|Any CPU
		{98C54D8E-1633-49E8-9F8C-6BB18BD1096B}.Release|iPhoneSimulator.ActiveCfg = Release|Any CPU
		{98C54D8E-1633-49E8-9F8C-6BB18BD1096B}.Release|iPhoneSimulator.Build.0 = Release|Any CPU
		{98C54D8E-1633-49E8-9F8C-6BB18BD1096B}.Release|iPhoneSimulator.Deploy.0 = Release|Any CPU
		{79C6DB88-A9E8-4A14-AC0F-BFDB596395AC}.Debug|Any CPU.ActiveCfg = Debug|iPhoneSimulator
		{79C6DB88-A9E8-4A14-AC0F-BFDB596395AC}.Debug|iPhone.ActiveCfg = Debug|iPhone
		{79C6DB88-A9E8-4A14-AC0F-BFDB596395AC}.Debug|iPhone.Build.0 = Debug|iPhone
		{79C6DB88-A9E8-4A14-AC0F-BFDB596395AC}.Debug|iPhoneSimulator.ActiveCfg = Debug|iPhoneSimulator
		{79C6DB88-A9E8-4A14-AC0F-BFDB596395AC}.Debug|iPhoneSimulator.Build.0 = Debug|iPhoneSimulator
		{79C6DB88-A9E8-4A14-AC0F-BFDB596395AC}.Release|Any CPU.ActiveCfg = Release|iPhoneSimulator
		{79C6DB88-A9E8-4A14-AC0F-BFDB596395AC}.Release|iPhone.ActiveCfg = Release|iPhone
		{79C6DB88-A9E8-4A14-AC0F-BFDB596395AC}.Release|iPhone.Build.0 = Release|iPhone
		{79C6DB88-A9E8-4A14-AC0F-BFDB596395AC}.Release|iPhoneSimulator.ActiveCfg = Release|iPhoneSimulator
		{79C6DB88-A9E8-4A14-AC0F-BFDB596395AC}.Release|iPhoneSimulator.Build.0 = Release|iPhoneSimulator
		{41931D2D-76CB-4221-B3B4-736D6DDAFD7A}.Debug|Any CPU.ActiveCfg = Debug|Any CPU
		{41931D2D-76CB-4221-B3B4-736D6DDAFD7A}.Debug|Any CPU.Build.0 = Debug|Any CPU
		{41931D2D-76CB-4221-B3B4-736D6DDAFD7A}.Debug|iPhone.ActiveCfg = Debug|Any CPU
		{41931D2D-76CB-4221-B3B4-736D6DDAFD7A}.Debug|iPhone.Build.0 = Debug|Any CPU
		{41931D2D-76CB-4221-B3B4-736D6DDAFD7A}.Debug|iPhoneSimulator.ActiveCfg = Debug|Any CPU
		{41931D2D-76CB-4221-B3B4-736D6DDAFD7A}.Debug|iPhoneSimulator.Build.0 = Debug|Any CPU
		{41931D2D-76CB-4221-B3B4-736D6DDAFD7A}.Release|Any CPU.ActiveCfg = Release|Any CPU
		{41931D2D-76CB-4221-B3B4-736D6DDAFD7A}.Release|Any CPU.Build.0 = Release|Any CPU
		{41931D2D-76CB-4221-B3B4-736D6DDAFD7A}.Release|iPhone.ActiveCfg = Release|Any CPU
		{41931D2D-76CB-4221-B3B4-736D6DDAFD7A}.Release|iPhone.Build.0 = Release|Any CPU
		{41931D2D-76CB-4221-B3B4-736D6DDAFD7A}.Release|iPhoneSimulator.ActiveCfg = Release|Any CPU
		{41931D2D-76CB-4221-B3B4-736D6DDAFD7A}.Release|iPhoneSimulator.Build.0 = Release|Any CPU
		{C426FB75-1AB4-49A4-94E1-A5B0E9041FA5}.Debug|Any CPU.ActiveCfg = Debug|Any CPU
		{C426FB75-1AB4-49A4-94E1-A5B0E9041FA5}.Debug|Any CPU.Build.0 = Debug|Any CPU
		{C426FB75-1AB4-49A4-94E1-A5B0E9041FA5}.Debug|iPhone.ActiveCfg = Debug|Any CPU
		{C426FB75-1AB4-49A4-94E1-A5B0E9041FA5}.Debug|iPhone.Build.0 = Debug|Any CPU
		{C426FB75-1AB4-49A4-94E1-A5B0E9041FA5}.Debug|iPhoneSimulator.ActiveCfg = Debug|Any CPU
		{C426FB75-1AB4-49A4-94E1-A5B0E9041FA5}.Debug|iPhoneSimulator.Build.0 = Debug|Any CPU
		{C426FB75-1AB4-49A4-94E1-A5B0E9041FA5}.Release|Any CPU.ActiveCfg = Release|Any CPU
		{C426FB75-1AB4-49A4-94E1-A5B0E9041FA5}.Release|Any CPU.Build.0 = Release|Any CPU
		{C426FB75-1AB4-49A4-94E1-A5B0E9041FA5}.Release|iPhone.ActiveCfg = Release|Any CPU
		{C426FB75-1AB4-49A4-94E1-A5B0E9041FA5}.Release|iPhone.Build.0 = Release|Any CPU
		{C426FB75-1AB4-49A4-94E1-A5B0E9041FA5}.Release|iPhoneSimulator.ActiveCfg = Release|Any CPU
		{C426FB75-1AB4-49A4-94E1-A5B0E9041FA5}.Release|iPhoneSimulator.Build.0 = Release|Any CPU
		{18518B54-FE3D-4413-BF77-E10E83D47914}.Debug|Any CPU.ActiveCfg = Debug|Any CPU
		{18518B54-FE3D-4413-BF77-E10E83D47914}.Debug|Any CPU.Build.0 = Debug|Any CPU
		{18518B54-FE3D-4413-BF77-E10E83D47914}.Debug|iPhone.ActiveCfg = Debug|Any CPU
		{18518B54-FE3D-4413-BF77-E10E83D47914}.Debug|iPhone.Build.0 = Debug|Any CPU
		{18518B54-FE3D-4413-BF77-E10E83D47914}.Debug|iPhoneSimulator.ActiveCfg = Debug|Any CPU
		{18518B54-FE3D-4413-BF77-E10E83D47914}.Debug|iPhoneSimulator.Build.0 = Debug|Any CPU
		{18518B54-FE3D-4413-BF77-E10E83D47914}.Release|Any CPU.ActiveCfg = Release|Any CPU
		{18518B54-FE3D-4413-BF77-E10E83D47914}.Release|Any CPU.Build.0 = Release|Any CPU
		{18518B54-FE3D-4413-BF77-E10E83D47914}.Release|iPhone.ActiveCfg = Release|Any CPU
		{18518B54-FE3D-4413-BF77-E10E83D47914}.Release|iPhone.Build.0 = Release|Any CPU
		{18518B54-FE3D-4413-BF77-E10E83D47914}.Release|iPhoneSimulator.ActiveCfg = Release|Any CPU
		{18518B54-FE3D-4413-BF77-E10E83D47914}.Release|iPhoneSimulator.Build.0 = Release|Any CPU
		{DFAB1729-640C-4B2C-B657-DD7824E7D3EF}.Debug|Any CPU.ActiveCfg = Debug|Any CPU
		{DFAB1729-640C-4B2C-B657-DD7824E7D3EF}.Debug|Any CPU.Build.0 = Debug|Any CPU
		{DFAB1729-640C-4B2C-B657-DD7824E7D3EF}.Debug|iPhone.ActiveCfg = Debug|Any CPU
		{DFAB1729-640C-4B2C-B657-DD7824E7D3EF}.Debug|iPhone.Build.0 = Debug|Any CPU
		{DFAB1729-640C-4B2C-B657-DD7824E7D3EF}.Debug|iPhoneSimulator.ActiveCfg = Debug|Any CPU
		{DFAB1729-640C-4B2C-B657-DD7824E7D3EF}.Debug|iPhoneSimulator.Build.0 = Debug|Any CPU
		{DFAB1729-640C-4B2C-B657-DD7824E7D3EF}.Release|Any CPU.ActiveCfg = Release|Any CPU
		{DFAB1729-640C-4B2C-B657-DD7824E7D3EF}.Release|Any CPU.Build.0 = Release|Any CPU
		{DFAB1729-640C-4B2C-B657-DD7824E7D3EF}.Release|iPhone.ActiveCfg = Release|Any CPU
		{DFAB1729-640C-4B2C-B657-DD7824E7D3EF}.Release|iPhone.Build.0 = Release|Any CPU
		{DFAB1729-640C-4B2C-B657-DD7824E7D3EF}.Release|iPhoneSimulator.ActiveCfg = Release|Any CPU
		{DFAB1729-640C-4B2C-B657-DD7824E7D3EF}.Release|iPhoneSimulator.Build.0 = Release|Any CPU
	EndGlobalSection
	GlobalSection(SolutionProperties) = preSolution
		HideSolutionNode = FALSE
	EndGlobalSection
	GlobalSection(NestedProjects) = preSolution
		{90E85F8C-C5E6-4E6E-B606-5714BED9F0F3} = {36903BE1-A431-4D52-98E6-16D165DB481D}
		{F3FB7D8B-F5B6-4F45-82AF-70B7322EB6B1} = {ED65465D-169C-4DE5-8F96-FAA7F5BF0F67}
		{A6F68399-8A86-48C6-A68B-094E89095060} = {8A5214D5-A60A-4956-A0CB-245CB701CBA8}
		{98C54D8E-1633-49E8-9F8C-6BB18BD1096B} = {0726DC58-78A2-470B-B7D4-7C2CDA8242FF}
		{79C6DB88-A9E8-4A14-AC0F-BFDB596395AC} = {0726DC58-78A2-470B-B7D4-7C2CDA8242FF}
		{41931D2D-76CB-4221-B3B4-736D6DDAFD7A} = {0726DC58-78A2-470B-B7D4-7C2CDA8242FF}
		{C426FB75-1AB4-49A4-94E1-A5B0E9041FA5} = {8A5214D5-A60A-4956-A0CB-245CB701CBA8}
		{18518B54-FE3D-4413-BF77-E10E83D47914} = {ED65465D-169C-4DE5-8F96-FAA7F5BF0F67}
		{DFAB1729-640C-4B2C-B657-DD7824E7D3EF} = {F1B0D683-0DEC-4F0D-84E0-A1F1B5E8B2E4}
	EndGlobalSection
	GlobalSection(ExtensibilityGlobals) = postSolution
		SolutionGuid = {B413FF24-10BC-4997-A03A-F7CBB483B198}
	EndGlobalSection
EndGlobal
